// !$*UTF8*$!
{
	archiveVersion = 1;
	classes = {
	};
	objectVersion = 56;
	objects = {

/* Begin PBXBuildFile section */
		775DF5D708A7C065AD48FA95 /* Pods_FindMyChild.framework in Frameworks */ = {isa = PBXBuildFile; fileRef = 3D579FE7945D021F731B46EB /* Pods_FindMyChild.framework */; };
		A70BE5C62C42FFC900176E31 /* GoogleService-Info.plist in Resources */ = {isa = PBXBuildFile; fileRef = A70BE5C52C42FFC900176E31 /* GoogleService-Info.plist */; };
		A70BE5C92C43008800176E31 /* FirebaseAnalytics in Frameworks */ = {isa = PBXBuildFile; productRef = A70BE5C82C43008800176E31 /* FirebaseAnalytics */; };
		A70BE5CB2C43008800176E31 /* FirebaseAuth in Frameworks */ = {isa = PBXBuildFile; productRef = A70BE5CA2C43008800176E31 /* FirebaseAuth */; };
		A70BE5CD2C43008800176E31 /* FirebaseAuthCombine-Community in Frameworks */ = {isa = PBXBuildFile; productRef = A70BE5CC2C43008800176E31 /* FirebaseAuthCombine-Community */; };
		A70BE5CF2C43008800176E31 /* FirebaseFirestore in Frameworks */ = {isa = PBXBuildFile; productRef = A70BE5CE2C43008800176E31 /* FirebaseFirestore */; };
		A70BE5D12C43008800176E31 /* FirebaseFirestoreSwift in Frameworks */ = {isa = PBXBuildFile; productRef = A70BE5D02C43008800176E31 /* FirebaseFirestoreSwift */; };
		A70BE5D52C4314CE00176E31 /* ValidationManager.swift in Sources */ = {isa = PBXBuildFile; fileRef = A70BE5D42C4314CE00176E31 /* ValidationManager.swift */; };
		A70BE5D72C4315D800176E31 /* SignUpValidationError.swift in Sources */ = {isa = PBXBuildFile; fileRef = A70BE5D62C4315D800176E31 /* SignUpValidationError.swift */; };
		A70BE5D92C43222500176E31 /* SignInValidationError.swift in Sources */ = {isa = PBXBuildFile; fileRef = A70BE5D82C43222500176E31 /* SignInValidationError.swift */; };
		A70BE5DC2C4323D300176E31 /* AuthValidationError.swift in Sources */ = {isa = PBXBuildFile; fileRef = A70BE5DB2C4323D300176E31 /* AuthValidationError.swift */; };
		A70BE5DE2C43261900176E31 /* AuthErrorProtocol.swift in Sources */ = {isa = PBXBuildFile; fileRef = A70BE5DD2C43261900176E31 /* AuthErrorProtocol.swift */; };
		A70BE5E02C43CDD000176E31 /* Results.swift in Sources */ = {isa = PBXBuildFile; fileRef = A70BE5DF2C43CDD000176E31 /* Results.swift */; };
		A70BE5E22C43CE0A00176E31 /* SignInError.swift in Sources */ = {isa = PBXBuildFile; fileRef = A70BE5E12C43CE0A00176E31 /* SignInError.swift */; };
		A70BE5E42C43D07900176E31 /* SignUpError.swift in Sources */ = {isa = PBXBuildFile; fileRef = A70BE5E32C43D07900176E31 /* SignUpError.swift */; };
		A70BE5E62C43D11500176E31 /* AuthUser.swift in Sources */ = {isa = PBXBuildFile; fileRef = A70BE5E52C43D11500176E31 /* AuthUser.swift */; };
		A70BE5EA2C43D3C700176E31 /* MockData+Auth.swift in Sources */ = {isa = PBXBuildFile; fileRef = A70BE5E92C43D3C700176E31 /* MockData+Auth.swift */; };
		A70BE5EC2C43D9E900176E31 /* AuthError.swift in Sources */ = {isa = PBXBuildFile; fileRef = A70BE5EB2C43D9E900176E31 /* AuthError.swift */; };
		A70BE5F22C43E5D200176E31 /* AuthManager+Validation.swift in Sources */ = {isa = PBXBuildFile; fileRef = A70BE5F12C43E5D200176E31 /* AuthManager+Validation.swift */; };
		A70BE5F42C43E60300176E31 /* AuthManager+Errors.swift in Sources */ = {isa = PBXBuildFile; fileRef = A70BE5F32C43E60300176E31 /* AuthManager+Errors.swift */; };
		A70BE5FD2C4428FA00176E31 /* SettingsView.swift in Sources */ = {isa = PBXBuildFile; fileRef = A70BE5FC2C4428FA00176E31 /* SettingsView.swift */; };
		A70BE6022C44291C00176E31 /* ProfileView.swift in Sources */ = {isa = PBXBuildFile; fileRef = A70BE6012C44291C00176E31 /* ProfileView.swift */; };
		A70BE6042C44295100176E31 /* HomeTemplateView.swift in Sources */ = {isa = PBXBuildFile; fileRef = A70BE6032C44295100176E31 /* HomeTemplateView.swift */; };
		A70BE6082C44329E00176E31 /* HomeHeaderTemplateView.swift in Sources */ = {isa = PBXBuildFile; fileRef = A70BE6072C44329E00176E31 /* HomeHeaderTemplateView.swift */; };
		A70BE60A2C4438BB00176E31 /* MapHeaderView.swift in Sources */ = {isa = PBXBuildFile; fileRef = A70BE6092C4438BB00176E31 /* MapHeaderView.swift */; };
		A70BE60F2C443C0F00176E31 /* ProfileHeaderView.swift in Sources */ = {isa = PBXBuildFile; fileRef = A70BE60E2C443C0F00176E31 /* ProfileHeaderView.swift */; };
		A70BE6112C443C2700176E31 /* SettingsHeaderView.swift in Sources */ = {isa = PBXBuildFile; fileRef = A70BE6102C443C2700176E31 /* SettingsHeaderView.swift */; };
		A70BE6132C44423B00176E31 /* ProfileViewModel.swift in Sources */ = {isa = PBXBuildFile; fileRef = A70BE6122C44423B00176E31 /* ProfileViewModel.swift */; };
		A70BE6162C44453600176E31 /* FirebaseService.swift in Sources */ = {isa = PBXBuildFile; fileRef = A70BE6152C44453600176E31 /* FirebaseService.swift */; };
		A70BE6192C44479C00176E31 /* User.swift in Sources */ = {isa = PBXBuildFile; fileRef = A70BE6182C44479C00176E31 /* User.swift */; };
		A70BE6232C4558EC00176E31 /* FirebaseService+User.swift in Sources */ = {isa = PBXBuildFile; fileRef = A70BE6222C4558EC00176E31 /* FirebaseService+User.swift */; };
		A715F2CE2C19823200E5A1F3 /* FindMyChildApp.swift in Sources */ = {isa = PBXBuildFile; fileRef = A715F2CD2C19823200E5A1F3 /* FindMyChildApp.swift */; };
		A715F2D02C19823200E5A1F3 /* HomeView.swift in Sources */ = {isa = PBXBuildFile; fileRef = A715F2CF2C19823200E5A1F3 /* HomeView.swift */; };
		A715F2D22C19823400E5A1F3 /* Assets.xcassets in Resources */ = {isa = PBXBuildFile; fileRef = A715F2D12C19823400E5A1F3 /* Assets.xcassets */; };
		A715F2D52C19823400E5A1F3 /* Preview Assets.xcassets in Resources */ = {isa = PBXBuildFile; fileRef = A715F2D42C19823400E5A1F3 /* Preview Assets.xcassets */; };
		A715F2DC2C19838100E5A1F3 /* MapViewRepresentable.swift in Sources */ = {isa = PBXBuildFile; fileRef = A715F2DB2C19838100E5A1F3 /* MapViewRepresentable.swift */; };
		A715F2E02C1984D700E5A1F3 /* ChildMapPinView.swift in Sources */ = {isa = PBXBuildFile; fileRef = A715F2DF2C1984D700E5A1F3 /* ChildMapPinView.swift */; };
		A715F2E22C19863100E5A1F3 /* MapViewModel.swift in Sources */ = {isa = PBXBuildFile; fileRef = A715F2E12C19863100E5A1F3 /* MapViewModel.swift */; };
		A715F2EE2C1AF25700E5A1F3 /* RootView.swift in Sources */ = {isa = PBXBuildFile; fileRef = A715F2ED2C1AF25600E5A1F3 /* RootView.swift */; };
		A715F2F22C1AF28A00E5A1F3 /* AuthManager.swift in Sources */ = {isa = PBXBuildFile; fileRef = A715F2F12C1AF28A00E5A1F3 /* AuthManager.swift */; };
		A715F2FC2C1AF4D800E5A1F3 /* SignInViewModel.swift in Sources */ = {isa = PBXBuildFile; fileRef = A715F2FB2C1AF4D800E5A1F3 /* SignInViewModel.swift */; };
		A715F3052C1AFE1D00E5A1F3 /* SignUpViewModel.swift in Sources */ = {isa = PBXBuildFile; fileRef = A715F3042C1AFE1D00E5A1F3 /* SignUpViewModel.swift */; };
		A7313A3F2C4C390D00F9DCB5 /* SectionHeaderView.swift in Sources */ = {isa = PBXBuildFile; fileRef = A7313A3E2C4C390D00F9DCB5 /* SectionHeaderView.swift */; };
		A7313A422C4C396200F9DCB5 /* SettingsChildrenListView.swift in Sources */ = {isa = PBXBuildFile; fileRef = A7313A412C4C396200F9DCB5 /* SettingsChildrenListView.swift */; };
		A7313A482C4C3E3000F9DCB5 /* SettingsChildrenListItemView.swift in Sources */ = {isa = PBXBuildFile; fileRef = A7313A472C4C3E3000F9DCB5 /* SettingsChildrenListItemView.swift */; };
		A7313A4A2C4C424600F9DCB5 /* SettingsChildrenListAddButtonView.swift in Sources */ = {isa = PBXBuildFile; fileRef = A7313A492C4C424600F9DCB5 /* SettingsChildrenListAddButtonView.swift */; };
		A7313A4C2C4C44C100F9DCB5 /* SettingsNoChildrenMessageView.swift in Sources */ = {isa = PBXBuildFile; fileRef = A7313A4B2C4C44C100F9DCB5 /* SettingsNoChildrenMessageView.swift */; };
		A74061662C48056900266C20 /* CircleProfileImageView.swift in Sources */ = {isa = PBXBuildFile; fileRef = A74061652C48056900266C20 /* CircleProfileImageView.swift */; };
		A74061682C48EEC300266C20 /* SettingsListRowView.swift in Sources */ = {isa = PBXBuildFile; fileRef = A74061672C48EEC300266C20 /* SettingsListRowView.swift */; };
		A740616A2C48EF4200266C20 /* SettingsListView.swift in Sources */ = {isa = PBXBuildFile; fileRef = A74061692C48EF4200266C20 /* SettingsListView.swift */; };
		A770832D2C374C8700A39508 /* ToastModifier.swift in Sources */ = {isa = PBXBuildFile; fileRef = A770832C2C374C8700A39508 /* ToastModifier.swift */; };
		A770832F2C374CB000A39508 /* Toast.swift in Sources */ = {isa = PBXBuildFile; fileRef = A770832E2C374CB000A39508 /* Toast.swift */; };
		A7946B022C2AC4DE00176EC0 /* AuthenticationView.swift in Sources */ = {isa = PBXBuildFile; fileRef = A7946B012C2AC4DE00176EC0 /* AuthenticationView.swift */; };
		A7946B052C2AC88400176EC0 /* UserTypeButtonView.swift in Sources */ = {isa = PBXBuildFile; fileRef = A7946B042C2AC88400176EC0 /* UserTypeButtonView.swift */; };
		A7946B072C2ACC1700176EC0 /* MockAuthManager.swift in Sources */ = {isa = PBXBuildFile; fileRef = A7946B062C2ACC1700176EC0 /* MockAuthManager.swift */; };
		A7946B0A2C2ACDDD00176EC0 /* AuthViewModel.swift in Sources */ = {isa = PBXBuildFile; fileRef = A7946B092C2ACDDD00176EC0 /* AuthViewModel.swift */; };
		A7946B102C2AEF4D00176EC0 /* UserType.swift in Sources */ = {isa = PBXBuildFile; fileRef = A7946B0F2C2AEF4D00176EC0 /* UserType.swift */; };
		A7946B132C2AF9B100176EC0 /* ToastView.swift in Sources */ = {isa = PBXBuildFile; fileRef = A7946B122C2AF9B100176EC0 /* ToastView.swift */; };
		A7A946C52C1C8E280080F270 /* StatusView.swift in Sources */ = {isa = PBXBuildFile; fileRef = A7A946C42C1C8E280080F270 /* StatusView.swift */; };
		A7A946C82C1C8E650080F270 /* ChildChipView.swift in Sources */ = {isa = PBXBuildFile; fileRef = A7A946C72C1C8E650080F270 /* ChildChipView.swift */; };
		A7A946CB2C1C8E750080F270 /* Child.swift in Sources */ = {isa = PBXBuildFile; fileRef = A7A946CA2C1C8E750080F270 /* Child.swift */; };
		A7A946D02C1C8FB90080F270 /* HomeViewModel.swift in Sources */ = {isa = PBXBuildFile; fileRef = A7A946CF2C1C8FB90080F270 /* HomeViewModel.swift */; };
		A7A946D32C1C8FE70080F270 /* ChildrenManager.swift in Sources */ = {isa = PBXBuildFile; fileRef = A7A946D22C1C8FE70080F270 /* ChildrenManager.swift */; };
		A7A946D62C1C924B0080F270 /* MockData.swift in Sources */ = {isa = PBXBuildFile; fileRef = A7A946D52C1C924B0080F270 /* MockData.swift */; };
		A7A946D82C1C92590080F270 /* MockData+Children.swift in Sources */ = {isa = PBXBuildFile; fileRef = A7A946D72C1C92590080F270 /* MockData+Children.swift */; };
		A7A946DE2C1C97BA0080F270 /* MockChildrenManager.swift in Sources */ = {isa = PBXBuildFile; fileRef = A7A946DD2C1C97BA0080F270 /* MockChildrenManager.swift */; };
		A7A946E02C1C9B1B0080F270 /* ChildData.swift in Sources */ = {isa = PBXBuildFile; fileRef = A7A946DF2C1C9B1B0080F270 /* ChildData.swift */; };
		A7A946E22C1CA00C0080F270 /* ChildStatusView.swift in Sources */ = {isa = PBXBuildFile; fileRef = A7A946E12C1CA00C0080F270 /* ChildStatusView.swift */; };
		A7A946E52C1CA2160080F270 /* Int.swift in Sources */ = {isa = PBXBuildFile; fileRef = A7A946E42C1CA2160080F270 /* Int.swift */; };
		A7A946E72C1CA25F0080F270 /* Date.swift in Sources */ = {isa = PBXBuildFile; fileRef = A7A946E62C1CA25F0080F270 /* Date.swift */; };
		A7A946EA2C1CB9970080F270 /* Triangle.swift in Sources */ = {isa = PBXBuildFile; fileRef = A7A946E92C1CB9970080F270 /* Triangle.swift */; };
		A7D7F8822C1CEB3F004897FC /* Font.swift in Sources */ = {isa = PBXBuildFile; fileRef = A7D7F8812C1CEB3F004897FC /* Font.swift */; };
		A7D7F88F2C1DC248004897FC /* BottomContentView.swift in Sources */ = {isa = PBXBuildFile; fileRef = A7D7F88E2C1DC248004897FC /* BottomContentView.swift */; };
		A7D7F8912C1DC2A2004897FC /* ChildSelectorView.swift in Sources */ = {isa = PBXBuildFile; fileRef = A7D7F8902C1DC2A2004897FC /* ChildSelectorView.swift */; };
		A7D7F8932C1DC4EF004897FC /* BottomTabBarView.swift in Sources */ = {isa = PBXBuildFile; fileRef = A7D7F8922C1DC4EF004897FC /* BottomTabBarView.swift */; };
		A7D7F8952C1DCEFB004897FC /* HistoryView.swift in Sources */ = {isa = PBXBuildFile; fileRef = A7D7F8942C1DCEFB004897FC /* HistoryView.swift */; };
		A7D7F89C2C1DEF39004897FC /* Localizable.xcstrings in Resources */ = {isa = PBXBuildFile; fileRef = A7D7F89B2C1DEF39004897FC /* Localizable.xcstrings */; };
		A7D7F8A32C1DF058004897FC /* AuthTextFieldView.swift in Sources */ = {isa = PBXBuildFile; fileRef = A7D7F8A22C1DF058004897FC /* AuthTextFieldView.swift */; };
		A7D7F8A52C1DF30F004897FC /* SignUpTextParams.swift in Sources */ = {isa = PBXBuildFile; fileRef = A7D7F8A42C1DF30F004897FC /* SignUpTextParams.swift */; };
		A7D7F8A82C1DF774004897FC /* WideButtonView.swift in Sources */ = {isa = PBXBuildFile; fileRef = A7D7F8A72C1DF774004897FC /* WideButtonView.swift */; };
		A7D7F8AC2C2090AB004897FC /* CustomShadowModifier.swift in Sources */ = {isa = PBXBuildFile; fileRef = A7D7F8AB2C2090AB004897FC /* CustomShadowModifier.swift */; };
		A7D7F8AE2C20913E004897FC /* View.swift in Sources */ = {isa = PBXBuildFile; fileRef = A7D7F8AD2C20913E004897FC /* View.swift */; };
		A7D7F8B02C209FA5004897FC /* SignInTextParams.swift in Sources */ = {isa = PBXBuildFile; fileRef = A7D7F8AF2C209FA5004897FC /* SignInTextParams.swift */; };
		A7E82C0C2C536EA90053CADF /* NavigationViewModel.swift in Sources */ = {isa = PBXBuildFile; fileRef = A7E82C0B2C536EA90053CADF /* NavigationViewModel.swift */; };
		A7E82C0E2C5374620053CADF /* AuthFormTitleView.swift in Sources */ = {isa = PBXBuildFile; fileRef = A7E82C0D2C5374620053CADF /* AuthFormTitleView.swift */; };
		A7ED444F2C26FD0600BF8B5B /* IconButtonView.swift in Sources */ = {isa = PBXBuildFile; fileRef = A7ED444E2C26FD0600BF8B5B /* IconButtonView.swift */; };
		A7ED44522C2725D900BF8B5B /* ChildHeaderView.swift in Sources */ = {isa = PBXBuildFile; fileRef = A7ED44512C2725D900BF8B5B /* ChildHeaderView.swift */; };
		A7F5104B2C500A2A00575542 /* ParentOnboardingView.swift in Sources */ = {isa = PBXBuildFile; fileRef = A7F5104A2C500A2A00575542 /* ParentOnboardingView.swift */; };
		A7F5104E2C500E1C00575542 /* UserManager.swift in Sources */ = {isa = PBXBuildFile; fileRef = A7F5104D2C500E1C00575542 /* UserManager.swift */; };
		A7F510502C5011A700575542 /* ParentOnboardingViewModel.swift in Sources */ = {isa = PBXBuildFile; fileRef = A7F5104F2C5011A700575542 /* ParentOnboardingViewModel.swift */; };
/* End PBXBuildFile section */

/* Begin PBXFileReference section */
		3D579FE7945D021F731B46EB /* Pods_FindMyChild.framework */ = {isa = PBXFileReference; explicitFileType = wrapper.framework; includeInIndex = 0; path = Pods_FindMyChild.framework; sourceTree = BUILT_PRODUCTS_DIR; };
		7177E7295AF56D7B5DFFD9DB /* Pods-FindMyChild.debug.xcconfig */ = {isa = PBXFileReference; includeInIndex = 1; lastKnownFileType = text.xcconfig; name = "Pods-FindMyChild.debug.xcconfig"; path = "Target Support Files/Pods-FindMyChild/Pods-FindMyChild.debug.xcconfig"; sourceTree = "<group>"; };
		8877CDAC315CCFA88AA1D0AA /* Pods-FindMyChild.release.xcconfig */ = {isa = PBXFileReference; includeInIndex = 1; lastKnownFileType = text.xcconfig; name = "Pods-FindMyChild.release.xcconfig"; path = "Target Support Files/Pods-FindMyChild/Pods-FindMyChild.release.xcconfig"; sourceTree = "<group>"; };
		A70BE5C52C42FFC900176E31 /* GoogleService-Info.plist */ = {isa = PBXFileReference; fileEncoding = 4; lastKnownFileType = text.plist.xml; name = "GoogleService-Info.plist"; path = "../../../Downloads/GoogleService-Info.plist"; sourceTree = "<group>"; };
		A70BE5D42C4314CE00176E31 /* ValidationManager.swift */ = {isa = PBXFileReference; lastKnownFileType = sourcecode.swift; path = ValidationManager.swift; sourceTree = "<group>"; };
		A70BE5D62C4315D800176E31 /* SignUpValidationError.swift */ = {isa = PBXFileReference; lastKnownFileType = sourcecode.swift; path = SignUpValidationError.swift; sourceTree = "<group>"; };
		A70BE5D82C43222500176E31 /* SignInValidationError.swift */ = {isa = PBXFileReference; lastKnownFileType = sourcecode.swift; path = SignInValidationError.swift; sourceTree = "<group>"; };
		A70BE5DB2C4323D300176E31 /* AuthValidationError.swift */ = {isa = PBXFileReference; lastKnownFileType = sourcecode.swift; path = AuthValidationError.swift; sourceTree = "<group>"; };
		A70BE5DD2C43261900176E31 /* AuthErrorProtocol.swift */ = {isa = PBXFileReference; lastKnownFileType = sourcecode.swift; path = AuthErrorProtocol.swift; sourceTree = "<group>"; };
		A70BE5DF2C43CDD000176E31 /* Results.swift */ = {isa = PBXFileReference; lastKnownFileType = sourcecode.swift; path = Results.swift; sourceTree = "<group>"; };
		A70BE5E12C43CE0A00176E31 /* SignInError.swift */ = {isa = PBXFileReference; lastKnownFileType = sourcecode.swift; path = SignInError.swift; sourceTree = "<group>"; };
		A70BE5E32C43D07900176E31 /* SignUpError.swift */ = {isa = PBXFileReference; lastKnownFileType = sourcecode.swift; path = SignUpError.swift; sourceTree = "<group>"; };
		A70BE5E52C43D11500176E31 /* AuthUser.swift */ = {isa = PBXFileReference; lastKnownFileType = sourcecode.swift; path = AuthUser.swift; sourceTree = "<group>"; };
		A70BE5E92C43D3C700176E31 /* MockData+Auth.swift */ = {isa = PBXFileReference; lastKnownFileType = sourcecode.swift; path = "MockData+Auth.swift"; sourceTree = "<group>"; };
		A70BE5EB2C43D9E900176E31 /* AuthError.swift */ = {isa = PBXFileReference; lastKnownFileType = sourcecode.swift; path = AuthError.swift; sourceTree = "<group>"; };
		A70BE5F12C43E5D200176E31 /* AuthManager+Validation.swift */ = {isa = PBXFileReference; lastKnownFileType = sourcecode.swift; path = "AuthManager+Validation.swift"; sourceTree = "<group>"; };
		A70BE5F32C43E60300176E31 /* AuthManager+Errors.swift */ = {isa = PBXFileReference; lastKnownFileType = sourcecode.swift; path = "AuthManager+Errors.swift"; sourceTree = "<group>"; };
		A70BE5FC2C4428FA00176E31 /* SettingsView.swift */ = {isa = PBXFileReference; lastKnownFileType = sourcecode.swift; path = SettingsView.swift; sourceTree = "<group>"; };
		A70BE6012C44291C00176E31 /* ProfileView.swift */ = {isa = PBXFileReference; lastKnownFileType = sourcecode.swift; path = ProfileView.swift; sourceTree = "<group>"; };
		A70BE6032C44295100176E31 /* HomeTemplateView.swift */ = {isa = PBXFileReference; lastKnownFileType = sourcecode.swift; path = HomeTemplateView.swift; sourceTree = "<group>"; };
		A70BE6072C44329E00176E31 /* HomeHeaderTemplateView.swift */ = {isa = PBXFileReference; lastKnownFileType = sourcecode.swift; path = HomeHeaderTemplateView.swift; sourceTree = "<group>"; };
		A70BE6092C4438BB00176E31 /* MapHeaderView.swift */ = {isa = PBXFileReference; lastKnownFileType = sourcecode.swift; path = MapHeaderView.swift; sourceTree = "<group>"; };
		A70BE60E2C443C0F00176E31 /* ProfileHeaderView.swift */ = {isa = PBXFileReference; lastKnownFileType = sourcecode.swift; path = ProfileHeaderView.swift; sourceTree = "<group>"; };
		A70BE6102C443C2700176E31 /* SettingsHeaderView.swift */ = {isa = PBXFileReference; lastKnownFileType = sourcecode.swift; path = SettingsHeaderView.swift; sourceTree = "<group>"; };
		A70BE6122C44423B00176E31 /* ProfileViewModel.swift */ = {isa = PBXFileReference; lastKnownFileType = sourcecode.swift; path = ProfileViewModel.swift; sourceTree = "<group>"; };
		A70BE6152C44453600176E31 /* FirebaseService.swift */ = {isa = PBXFileReference; lastKnownFileType = sourcecode.swift; path = FirebaseService.swift; sourceTree = "<group>"; };
		A70BE6182C44479C00176E31 /* User.swift */ = {isa = PBXFileReference; lastKnownFileType = sourcecode.swift; path = User.swift; sourceTree = "<group>"; };
		A70BE6222C4558EC00176E31 /* FirebaseService+User.swift */ = {isa = PBXFileReference; lastKnownFileType = sourcecode.swift; path = "FirebaseService+User.swift"; sourceTree = "<group>"; };
		A715F2CA2C19823200E5A1F3 /* FindMyChild.app */ = {isa = PBXFileReference; explicitFileType = wrapper.application; includeInIndex = 0; path = FindMyChild.app; sourceTree = BUILT_PRODUCTS_DIR; };
		A715F2CD2C19823200E5A1F3 /* FindMyChildApp.swift */ = {isa = PBXFileReference; lastKnownFileType = sourcecode.swift; path = FindMyChildApp.swift; sourceTree = "<group>"; };
		A715F2CF2C19823200E5A1F3 /* HomeView.swift */ = {isa = PBXFileReference; lastKnownFileType = sourcecode.swift; path = HomeView.swift; sourceTree = "<group>"; };
		A715F2D12C19823400E5A1F3 /* Assets.xcassets */ = {isa = PBXFileReference; lastKnownFileType = folder.assetcatalog; path = Assets.xcassets; sourceTree = "<group>"; };
		A715F2D42C19823400E5A1F3 /* Preview Assets.xcassets */ = {isa = PBXFileReference; lastKnownFileType = folder.assetcatalog; path = "Preview Assets.xcassets"; sourceTree = "<group>"; };
		A715F2DB2C19838100E5A1F3 /* MapViewRepresentable.swift */ = {isa = PBXFileReference; lastKnownFileType = sourcecode.swift; path = MapViewRepresentable.swift; sourceTree = "<group>"; };
		A715F2DF2C1984D700E5A1F3 /* ChildMapPinView.swift */ = {isa = PBXFileReference; lastKnownFileType = sourcecode.swift; path = ChildMapPinView.swift; sourceTree = "<group>"; };
		A715F2E12C19863100E5A1F3 /* MapViewModel.swift */ = {isa = PBXFileReference; lastKnownFileType = sourcecode.swift; path = MapViewModel.swift; sourceTree = "<group>"; };
		A715F2ED2C1AF25600E5A1F3 /* RootView.swift */ = {isa = PBXFileReference; lastKnownFileType = sourcecode.swift; path = RootView.swift; sourceTree = "<group>"; };
		A715F2F12C1AF28A00E5A1F3 /* AuthManager.swift */ = {isa = PBXFileReference; lastKnownFileType = sourcecode.swift; path = AuthManager.swift; sourceTree = "<group>"; };
		A715F2FB2C1AF4D800E5A1F3 /* SignInViewModel.swift */ = {isa = PBXFileReference; lastKnownFileType = sourcecode.swift; path = SignInViewModel.swift; sourceTree = "<group>"; };
		A715F3042C1AFE1D00E5A1F3 /* SignUpViewModel.swift */ = {isa = PBXFileReference; lastKnownFileType = sourcecode.swift; path = SignUpViewModel.swift; sourceTree = "<group>"; };
		A7313A3E2C4C390D00F9DCB5 /* SectionHeaderView.swift */ = {isa = PBXFileReference; lastKnownFileType = sourcecode.swift; path = SectionHeaderView.swift; sourceTree = "<group>"; };
		A7313A412C4C396200F9DCB5 /* SettingsChildrenListView.swift */ = {isa = PBXFileReference; lastKnownFileType = sourcecode.swift; path = SettingsChildrenListView.swift; sourceTree = "<group>"; };
		A7313A472C4C3E3000F9DCB5 /* SettingsChildrenListItemView.swift */ = {isa = PBXFileReference; lastKnownFileType = sourcecode.swift; path = SettingsChildrenListItemView.swift; sourceTree = "<group>"; };
		A7313A492C4C424600F9DCB5 /* SettingsChildrenListAddButtonView.swift */ = {isa = PBXFileReference; lastKnownFileType = sourcecode.swift; path = SettingsChildrenListAddButtonView.swift; sourceTree = "<group>"; };
		A7313A4B2C4C44C100F9DCB5 /* SettingsNoChildrenMessageView.swift */ = {isa = PBXFileReference; lastKnownFileType = sourcecode.swift; path = SettingsNoChildrenMessageView.swift; sourceTree = "<group>"; };
		A74061652C48056900266C20 /* CircleProfileImageView.swift */ = {isa = PBXFileReference; lastKnownFileType = sourcecode.swift; path = CircleProfileImageView.swift; sourceTree = "<group>"; };
		A74061672C48EEC300266C20 /* SettingsListRowView.swift */ = {isa = PBXFileReference; lastKnownFileType = sourcecode.swift; path = SettingsListRowView.swift; sourceTree = "<group>"; };
		A74061692C48EF4200266C20 /* SettingsListView.swift */ = {isa = PBXFileReference; lastKnownFileType = sourcecode.swift; path = SettingsListView.swift; sourceTree = "<group>"; };
		A770832C2C374C8700A39508 /* ToastModifier.swift */ = {isa = PBXFileReference; lastKnownFileType = sourcecode.swift; path = ToastModifier.swift; sourceTree = "<group>"; };
		A770832E2C374CB000A39508 /* Toast.swift */ = {isa = PBXFileReference; lastKnownFileType = sourcecode.swift; path = Toast.swift; sourceTree = "<group>"; };
		A7946B012C2AC4DE00176EC0 /* AuthenticationView.swift */ = {isa = PBXFileReference; lastKnownFileType = sourcecode.swift; path = AuthenticationView.swift; sourceTree = "<group>"; };
		A7946B042C2AC88400176EC0 /* UserTypeButtonView.swift */ = {isa = PBXFileReference; lastKnownFileType = sourcecode.swift; path = UserTypeButtonView.swift; sourceTree = "<group>"; };
		A7946B062C2ACC1700176EC0 /* MockAuthManager.swift */ = {isa = PBXFileReference; lastKnownFileType = sourcecode.swift; path = MockAuthManager.swift; sourceTree = "<group>"; };
		A7946B092C2ACDDD00176EC0 /* AuthViewModel.swift */ = {isa = PBXFileReference; lastKnownFileType = sourcecode.swift; path = AuthViewModel.swift; sourceTree = "<group>"; };
		A7946B0F2C2AEF4D00176EC0 /* UserType.swift */ = {isa = PBXFileReference; lastKnownFileType = sourcecode.swift; path = UserType.swift; sourceTree = "<group>"; };
		A7946B122C2AF9B100176EC0 /* ToastView.swift */ = {isa = PBXFileReference; lastKnownFileType = sourcecode.swift; path = ToastView.swift; sourceTree = "<group>"; };
		A7A946C42C1C8E280080F270 /* StatusView.swift */ = {isa = PBXFileReference; lastKnownFileType = sourcecode.swift; path = StatusView.swift; sourceTree = "<group>"; };
		A7A946C72C1C8E650080F270 /* ChildChipView.swift */ = {isa = PBXFileReference; lastKnownFileType = sourcecode.swift; path = ChildChipView.swift; sourceTree = "<group>"; };
		A7A946CA2C1C8E750080F270 /* Child.swift */ = {isa = PBXFileReference; lastKnownFileType = sourcecode.swift; path = Child.swift; sourceTree = "<group>"; };
		A7A946CF2C1C8FB90080F270 /* HomeViewModel.swift */ = {isa = PBXFileReference; lastKnownFileType = sourcecode.swift; path = HomeViewModel.swift; sourceTree = "<group>"; };
		A7A946D22C1C8FE70080F270 /* ChildrenManager.swift */ = {isa = PBXFileReference; lastKnownFileType = sourcecode.swift; path = ChildrenManager.swift; sourceTree = "<group>"; };
		A7A946D52C1C924B0080F270 /* MockData.swift */ = {isa = PBXFileReference; lastKnownFileType = sourcecode.swift; path = MockData.swift; sourceTree = "<group>"; };
		A7A946D72C1C92590080F270 /* MockData+Children.swift */ = {isa = PBXFileReference; lastKnownFileType = sourcecode.swift; path = "MockData+Children.swift"; sourceTree = "<group>"; };
		A7A946DD2C1C97BA0080F270 /* MockChildrenManager.swift */ = {isa = PBXFileReference; lastKnownFileType = sourcecode.swift; path = MockChildrenManager.swift; sourceTree = "<group>"; };
		A7A946DF2C1C9B1B0080F270 /* ChildData.swift */ = {isa = PBXFileReference; lastKnownFileType = sourcecode.swift; path = ChildData.swift; sourceTree = "<group>"; };
		A7A946E12C1CA00C0080F270 /* ChildStatusView.swift */ = {isa = PBXFileReference; lastKnownFileType = sourcecode.swift; path = ChildStatusView.swift; sourceTree = "<group>"; };
		A7A946E42C1CA2160080F270 /* Int.swift */ = {isa = PBXFileReference; lastKnownFileType = sourcecode.swift; path = Int.swift; sourceTree = "<group>"; };
		A7A946E62C1CA25F0080F270 /* Date.swift */ = {isa = PBXFileReference; lastKnownFileType = sourcecode.swift; path = Date.swift; sourceTree = "<group>"; };
		A7A946E92C1CB9970080F270 /* Triangle.swift */ = {isa = PBXFileReference; lastKnownFileType = sourcecode.swift; path = Triangle.swift; sourceTree = "<group>"; };
		A7D7F8812C1CEB3F004897FC /* Font.swift */ = {isa = PBXFileReference; lastKnownFileType = sourcecode.swift; path = Font.swift; sourceTree = "<group>"; };
		A7D7F88D2C1CED75004897FC /* Info.plist */ = {isa = PBXFileReference; lastKnownFileType = text.plist; path = Info.plist; sourceTree = "<group>"; };
		A7D7F88E2C1DC248004897FC /* BottomContentView.swift */ = {isa = PBXFileReference; lastKnownFileType = sourcecode.swift; path = BottomContentView.swift; sourceTree = "<group>"; };
		A7D7F8902C1DC2A2004897FC /* ChildSelectorView.swift */ = {isa = PBXFileReference; lastKnownFileType = sourcecode.swift; path = ChildSelectorView.swift; sourceTree = "<group>"; };
		A7D7F8922C1DC4EF004897FC /* BottomTabBarView.swift */ = {isa = PBXFileReference; lastKnownFileType = sourcecode.swift; path = BottomTabBarView.swift; sourceTree = "<group>"; };
		A7D7F8942C1DCEFB004897FC /* HistoryView.swift */ = {isa = PBXFileReference; lastKnownFileType = sourcecode.swift; path = HistoryView.swift; sourceTree = "<group>"; };
		A7D7F89B2C1DEF39004897FC /* Localizable.xcstrings */ = {isa = PBXFileReference; fileEncoding = 4; lastKnownFileType = text.json.xcstrings; path = Localizable.xcstrings; sourceTree = "<group>"; };
		A7D7F8A22C1DF058004897FC /* AuthTextFieldView.swift */ = {isa = PBXFileReference; lastKnownFileType = sourcecode.swift; path = AuthTextFieldView.swift; sourceTree = "<group>"; };
		A7D7F8A42C1DF30F004897FC /* SignUpTextParams.swift */ = {isa = PBXFileReference; lastKnownFileType = sourcecode.swift; path = SignUpTextParams.swift; sourceTree = "<group>"; };
		A7D7F8A72C1DF774004897FC /* WideButtonView.swift */ = {isa = PBXFileReference; lastKnownFileType = sourcecode.swift; path = WideButtonView.swift; sourceTree = "<group>"; };
		A7D7F8AB2C2090AB004897FC /* CustomShadowModifier.swift */ = {isa = PBXFileReference; lastKnownFileType = sourcecode.swift; path = CustomShadowModifier.swift; sourceTree = "<group>"; };
		A7D7F8AD2C20913E004897FC /* View.swift */ = {isa = PBXFileReference; lastKnownFileType = sourcecode.swift; path = View.swift; sourceTree = "<group>"; };
		A7D7F8AF2C209FA5004897FC /* SignInTextParams.swift */ = {isa = PBXFileReference; lastKnownFileType = sourcecode.swift; path = SignInTextParams.swift; sourceTree = "<group>"; };
		A7E82C0B2C536EA90053CADF /* NavigationViewModel.swift */ = {isa = PBXFileReference; lastKnownFileType = sourcecode.swift; path = NavigationViewModel.swift; sourceTree = "<group>"; };
		A7E82C0D2C5374620053CADF /* AuthFormTitleView.swift */ = {isa = PBXFileReference; lastKnownFileType = sourcecode.swift; path = AuthFormTitleView.swift; sourceTree = "<group>"; };
		A7ED444E2C26FD0600BF8B5B /* IconButtonView.swift */ = {isa = PBXFileReference; lastKnownFileType = sourcecode.swift; path = IconButtonView.swift; sourceTree = "<group>"; };
		A7ED44512C2725D900BF8B5B /* ChildHeaderView.swift */ = {isa = PBXFileReference; lastKnownFileType = sourcecode.swift; path = ChildHeaderView.swift; sourceTree = "<group>"; };
		A7F5104A2C500A2A00575542 /* ParentOnboardingView.swift */ = {isa = PBXFileReference; lastKnownFileType = sourcecode.swift; path = ParentOnboardingView.swift; sourceTree = "<group>"; };
		A7F5104D2C500E1C00575542 /* UserManager.swift */ = {isa = PBXFileReference; lastKnownFileType = sourcecode.swift; path = UserManager.swift; sourceTree = "<group>"; };
		A7F5104F2C5011A700575542 /* ParentOnboardingViewModel.swift */ = {isa = PBXFileReference; lastKnownFileType = sourcecode.swift; path = ParentOnboardingViewModel.swift; sourceTree = "<group>"; };
/* End PBXFileReference section */

/* Begin PBXFrameworksBuildPhase section */
		A715F2C72C19823200E5A1F3 /* Frameworks */ = {
			isa = PBXFrameworksBuildPhase;
			buildActionMask = 2147483647;
			files = (
				A70BE5C92C43008800176E31 /* FirebaseAnalytics in Frameworks */,
				A70BE5CB2C43008800176E31 /* FirebaseAuth in Frameworks */,
				775DF5D708A7C065AD48FA95 /* Pods_FindMyChild.framework in Frameworks */,
				A70BE5CF2C43008800176E31 /* FirebaseFirestore in Frameworks */,
				A70BE5CD2C43008800176E31 /* FirebaseAuthCombine-Community in Frameworks */,
				A70BE5D12C43008800176E31 /* FirebaseFirestoreSwift in Frameworks */,
			);
			runOnlyForDeploymentPostprocessing = 0;
		};
/* End PBXFrameworksBuildPhase section */

/* Begin PBXGroup section */
		1226F262CC8476FCF6717501 /* Pods */ = {
			isa = PBXGroup;
			children = (
				7177E7295AF56D7B5DFFD9DB /* Pods-FindMyChild.debug.xcconfig */,
				8877CDAC315CCFA88AA1D0AA /* Pods-FindMyChild.release.xcconfig */,
			);
			path = Pods;
			sourceTree = "<group>";
		};
		A70BE5D32C4314BB00176E31 /* Validation */ = {
			isa = PBXGroup;
			children = (
				A70BE5D42C4314CE00176E31 /* ValidationManager.swift */,
			);
			path = Validation;
			sourceTree = "<group>";
		};
		A70BE5DA2C4323C300176E31 /* Errors */ = {
			isa = PBXGroup;
			children = (
				A70BE5ED2C43D9EE00176E31 /* Validation */,
				A70BE5DD2C43261900176E31 /* AuthErrorProtocol.swift */,
				A70BE5DF2C43CDD000176E31 /* Results.swift */,
				A70BE5E12C43CE0A00176E31 /* SignInError.swift */,
				A70BE5E32C43D07900176E31 /* SignUpError.swift */,
				A70BE5EB2C43D9E900176E31 /* AuthError.swift */,
			);
			path = Errors;
			sourceTree = "<group>";
		};
		A70BE5ED2C43D9EE00176E31 /* Validation */ = {
			isa = PBXGroup;
			children = (
				A70BE5D62C4315D800176E31 /* SignUpValidationError.swift */,
				A70BE5D82C43222500176E31 /* SignInValidationError.swift */,
				A70BE5DB2C4323D300176E31 /* AuthValidationError.swift */,
			);
			path = Validation;
			sourceTree = "<group>";
		};
		A70BE5F02C43E5C600176E31 /* AuthManager */ = {
			isa = PBXGroup;
			children = (
				A715F2F12C1AF28A00E5A1F3 /* AuthManager.swift */,
				A70BE5F12C43E5D200176E31 /* AuthManager+Validation.swift */,
				A70BE5F32C43E60300176E31 /* AuthManager+Errors.swift */,
			);
			path = AuthManager;
			sourceTree = "<group>";
		};
		A70BE5F92C4428E700176E31 /* Settings */ = {
			isa = PBXGroup;
			children = (
				A70BE5FB2C4428F100176E31 /* Views */,
				A70BE5FA2C4428EB00176E31 /* ViewModels */,
			);
			path = Settings;
			sourceTree = "<group>";
		};
		A70BE5FA2C4428EB00176E31 /* ViewModels */ = {
			isa = PBXGroup;
			children = (
			);
			path = ViewModels;
			sourceTree = "<group>";
		};
		A70BE5FB2C4428F100176E31 /* Views */ = {
			isa = PBXGroup;
			children = (
				A7313A462C4C3CBF00F9DCB5 /* ChildrenList */,
				A70BE5FC2C4428FA00176E31 /* SettingsView.swift */,
				A70BE6102C443C2700176E31 /* SettingsHeaderView.swift */,
			);
			path = Views;
			sourceTree = "<group>";
		};
		A70BE5FE2C44290900176E31 /* Profile */ = {
			isa = PBXGroup;
			children = (
				A70BE6002C44291200176E31 /* ViewModels */,
				A70BE5FF2C44290C00176E31 /* Views */,
			);
			path = Profile;
			sourceTree = "<group>";
		};
		A70BE5FF2C44290C00176E31 /* Views */ = {
			isa = PBXGroup;
			children = (
				A70BE6012C44291C00176E31 /* ProfileView.swift */,
				A70BE60E2C443C0F00176E31 /* ProfileHeaderView.swift */,
			);
			path = Views;
			sourceTree = "<group>";
		};
		A70BE6002C44291200176E31 /* ViewModels */ = {
			isa = PBXGroup;
			children = (
				A70BE6122C44423B00176E31 /* ProfileViewModel.swift */,
			);
			path = ViewModels;
			sourceTree = "<group>";
		};
		A70BE60B2C443BC500176E31 /* ViewTemplates */ = {
			isa = PBXGroup;
			children = (
				A70CFB492C49A6AA00ECCBD4 /* Header */,
				A70BE6032C44295100176E31 /* HomeTemplateView.swift */,
			);
			path = ViewTemplates;
			sourceTree = "<group>";
		};
		A70BE60C2C443BE500176E31 /* Views */ = {
			isa = PBXGroup;
			children = (
				A70BE6092C4438BB00176E31 /* MapHeaderView.swift */,
				A715F2DB2C19838100E5A1F3 /* MapViewRepresentable.swift */,
				A715F2CF2C19823200E5A1F3 /* HomeView.swift */,
			);
			path = Views;
			sourceTree = "<group>";
		};
		A70BE60D2C443BE900176E31 /* ViewModels */ = {
			isa = PBXGroup;
			children = (
				A715F2E12C19863100E5A1F3 /* MapViewModel.swift */,
			);
			path = ViewModels;
			sourceTree = "<group>";
		};
		A70BE6142C44451D00176E31 /* Firebase */ = {
			isa = PBXGroup;
			children = (
				A70BE6152C44453600176E31 /* FirebaseService.swift */,
				A70BE6222C4558EC00176E31 /* FirebaseService+User.swift */,
			);
			path = Firebase;
			sourceTree = "<group>";
		};
		A70BE6172C44479500176E31 /* Models */ = {
			isa = PBXGroup;
			children = (
				A70BE6182C44479C00176E31 /* User.swift */,
			);
			path = Models;
			sourceTree = "<group>";
		};
		A70CFB492C49A6AA00ECCBD4 /* Header */ = {
			isa = PBXGroup;
			children = (
				A70BE6072C44329E00176E31 /* HomeHeaderTemplateView.swift */,
			);
			path = Header;
			sourceTree = "<group>";
		};
		A70CFB4C2C49A73000ECCBD4 /* SettingsList */ = {
			isa = PBXGroup;
			children = (
				A74061672C48EEC300266C20 /* SettingsListRowView.swift */,
				A74061692C48EF4200266C20 /* SettingsListView.swift */,
			);
			path = SettingsList;
			sourceTree = "<group>";
		};
		A715F2C12C19823200E5A1F3 = {
			isa = PBXGroup;
			children = (
				A715F2CC2C19823200E5A1F3 /* FindMyChild */,
				A715F2CB2C19823200E5A1F3 /* Products */,
				1226F262CC8476FCF6717501 /* Pods */,
				B20646C5B38DB70193AD9EA0 /* Frameworks */,
			);
			sourceTree = "<group>";
		};
		A715F2CB2C19823200E5A1F3 /* Products */ = {
			isa = PBXGroup;
			children = (
				A715F2CA2C19823200E5A1F3 /* FindMyChild.app */,
			);
			name = Products;
			sourceTree = "<group>";
		};
		A715F2CC2C19823200E5A1F3 /* FindMyChild */ = {
			isa = PBXGroup;
			children = (
				A7E82C0A2C536E9E0053CADF /* Navigation */,
				A7F5104C2C500E1200575542 /* User */,
				A7F510492C500A1A00575542 /* ParentOnboarding */,
				A70BE6142C44451D00176E31 /* Firebase */,
				A7D7F8972C1DCF5E004897FC /* Map */,
				A70BE5FE2C44290900176E31 /* Profile */,
				A70BE5F92C4428E700176E31 /* Settings */,
				A70BE5C52C42FFC900176E31 /* GoogleService-Info.plist */,
				A7D7F8A02C1DF029004897FC /* Common */,
				A7D7F89E2C1DEFFF004897FC /* Children */,
				A7D7F88D2C1CED75004897FC /* Info.plist */,
				A7A946D42C1C923F0080F270 /* Mock */,
				A715F2F62C1AF3A500E5A1F3 /* Home */,
				A715F2F52C1AF39500E5A1F3 /* Root */,
				A715F2F42C1AF38A00E5A1F3 /* Authentication */,
				A715F2F32C1AF2D200E5A1F3 /* App */,
				A715F2DD2C1984C000E5A1F3 /* UI */,
				A715F2D12C19823400E5A1F3 /* Assets.xcassets */,
				A715F2D32C19823400E5A1F3 /* Preview Content */,
			);
			path = FindMyChild;
			sourceTree = "<group>";
		};
		A715F2D32C19823400E5A1F3 /* Preview Content */ = {
			isa = PBXGroup;
			children = (
				A715F2D42C19823400E5A1F3 /* Preview Assets.xcassets */,
			);
			path = "Preview Content";
			sourceTree = "<group>";
		};
		A715F2DD2C1984C000E5A1F3 /* UI */ = {
			isa = PBXGroup;
			children = (
				A7313A3D2C4C390100F9DCB5 /* Section */,
				A70CFB4C2C49A73000ECCBD4 /* SettingsList */,
				A74061642C48055800266C20 /* CircleProfileImage */,
				A7946B112C2AF9A400176EC0 /* Toast */,
				A7D7F8AA2C209096004897FC /* ViewModifiers */,
				A7D7F8A62C1DF769004897FC /* Buttons */,
				A7D7F8A12C1DF048004897FC /* TextFields */,
				A7A946E82C1CB98F0080F270 /* Shapes */,
				A7A946C62C1C8E580080F270 /* Chips */,
				A715F2DE2C1984C600E5A1F3 /* MapPins */,
			);
			path = UI;
			sourceTree = "<group>";
		};
		A715F2DE2C1984C600E5A1F3 /* MapPins */ = {
			isa = PBXGroup;
			children = (
				A715F2DF2C1984D700E5A1F3 /* ChildMapPinView.swift */,
			);
			path = MapPins;
			sourceTree = "<group>";
		};
		A715F2F32C1AF2D200E5A1F3 /* App */ = {
			isa = PBXGroup;
			children = (
				A715F2CD2C19823200E5A1F3 /* FindMyChildApp.swift */,
			);
			path = App;
			sourceTree = "<group>";
		};
		A715F2F42C1AF38A00E5A1F3 /* Authentication */ = {
			isa = PBXGroup;
			children = (
				A70BE5F02C43E5C600176E31 /* AuthManager */,
				A70BE5DA2C4323C300176E31 /* Errors */,
				A7946B0E2C2AEF4500176EC0 /* Models */,
				A7946B082C2ACDC300176EC0 /* ViewModels */,
				A7946B032C2AC87500176EC0 /* Components */,
				A7D7F89D2C1DEFE0004897FC /* Views */,
				A715F2F82C1AF4BE00E5A1F3 /* SignUp */,
				A715F2F72C1AF4B700E5A1F3 /* SignIn */,
			);
			path = Authentication;
			sourceTree = "<group>";
		};
		A715F2F52C1AF39500E5A1F3 /* Root */ = {
			isa = PBXGroup;
			children = (
				A715F2ED2C1AF25600E5A1F3 /* RootView.swift */,
			);
			path = Root;
			sourceTree = "<group>";
		};
		A715F2F62C1AF3A500E5A1F3 /* Home */ = {
			isa = PBXGroup;
			children = (
				A70BE60B2C443BC500176E31 /* ViewTemplates */,
				A7A946CC2C1C8F9E0080F270 /* ViewModels */,
				A7A946C32C1C8E0B0080F270 /* Views */,
			);
			path = Home;
			sourceTree = "<group>";
		};
		A715F2F72C1AF4B700E5A1F3 /* SignIn */ = {
			isa = PBXGroup;
			children = (
				A715F2FB2C1AF4D800E5A1F3 /* SignInViewModel.swift */,
				A7D7F8AF2C209FA5004897FC /* SignInTextParams.swift */,
			);
			path = SignIn;
			sourceTree = "<group>";
		};
		A715F2F82C1AF4BE00E5A1F3 /* SignUp */ = {
			isa = PBXGroup;
			children = (
				A715F3042C1AFE1D00E5A1F3 /* SignUpViewModel.swift */,
				A7D7F8A42C1DF30F004897FC /* SignUpTextParams.swift */,
			);
			path = SignUp;
			sourceTree = "<group>";
		};
		A715F30A2C1C3AEF00E5A1F3 /* Protocols */ = {
			isa = PBXGroup;
			children = (
			);
			path = Protocols;
			sourceTree = "<group>";
		};
		A715F3122C1C473400E5A1F3 /* Strings */ = {
			isa = PBXGroup;
			children = (
				A7D7F89B2C1DEF39004897FC /* Localizable.xcstrings */,
			);
			path = Strings;
			sourceTree = "<group>";
		};
		A7313A3D2C4C390100F9DCB5 /* Section */ = {
			isa = PBXGroup;
			children = (
				A7313A3E2C4C390D00F9DCB5 /* SectionHeaderView.swift */,
			);
			path = Section;
			sourceTree = "<group>";
		};
		A7313A462C4C3CBF00F9DCB5 /* ChildrenList */ = {
			isa = PBXGroup;
			children = (
				A7313A412C4C396200F9DCB5 /* SettingsChildrenListView.swift */,
				A7313A472C4C3E3000F9DCB5 /* SettingsChildrenListItemView.swift */,
				A7313A492C4C424600F9DCB5 /* SettingsChildrenListAddButtonView.swift */,
				A7313A4B2C4C44C100F9DCB5 /* SettingsNoChildrenMessageView.swift */,
			);
			path = ChildrenList;
			sourceTree = "<group>";
		};
		A74061642C48055800266C20 /* CircleProfileImage */ = {
			isa = PBXGroup;
			children = (
				A74061652C48056900266C20 /* CircleProfileImageView.swift */,
			);
			path = CircleProfileImage;
			sourceTree = "<group>";
		};
		A7946B032C2AC87500176EC0 /* Components */ = {
			isa = PBXGroup;
			children = (
				A7946B042C2AC88400176EC0 /* UserTypeButtonView.swift */,
				A7E82C0D2C5374620053CADF /* AuthFormTitleView.swift */,
			);
			path = Components;
			sourceTree = "<group>";
		};
		A7946B082C2ACDC300176EC0 /* ViewModels */ = {
			isa = PBXGroup;
			children = (
				A7946B092C2ACDDD00176EC0 /* AuthViewModel.swift */,
			);
			path = ViewModels;
			sourceTree = "<group>";
		};
		A7946B0E2C2AEF4500176EC0 /* Models */ = {
			isa = PBXGroup;
			children = (
				A7946B0F2C2AEF4D00176EC0 /* UserType.swift */,
				A70BE5E52C43D11500176E31 /* AuthUser.swift */,
			);
			path = Models;
			sourceTree = "<group>";
		};
		A7946B112C2AF9A400176EC0 /* Toast */ = {
			isa = PBXGroup;
			children = (
				A7946B122C2AF9B100176EC0 /* ToastView.swift */,
				A770832E2C374CB000A39508 /* Toast.swift */,
			);
			path = Toast;
			sourceTree = "<group>";
		};
		A7A946C32C1C8E0B0080F270 /* Views */ = {
			isa = PBXGroup;
			children = (
				A7D7F89A2C1DCFA6004897FC /* Components */,
				A7D7F8982C1DCF76004897FC /* BottomContent */,
				A7D7F8962C1DCF53004897FC /* TabBar */,
			);
			path = Views;
			sourceTree = "<group>";
		};
		A7A946C62C1C8E580080F270 /* Chips */ = {
			isa = PBXGroup;
			children = (
				A7A946C72C1C8E650080F270 /* ChildChipView.swift */,
			);
			path = Chips;
			sourceTree = "<group>";
		};
		A7A946CC2C1C8F9E0080F270 /* ViewModels */ = {
			isa = PBXGroup;
			children = (
				A7A946CF2C1C8FB90080F270 /* HomeViewModel.swift */,
			);
			path = ViewModels;
			sourceTree = "<group>";
		};
		A7A946D42C1C923F0080F270 /* Mock */ = {
			isa = PBXGroup;
			children = (
				A7A946DC2C1C97AD0080F270 /* MockManagers */,
				A7A946D52C1C924B0080F270 /* MockData.swift */,
				A7A946D72C1C92590080F270 /* MockData+Children.swift */,
				A70BE5E92C43D3C700176E31 /* MockData+Auth.swift */,
			);
			path = Mock;
			sourceTree = "<group>";
		};
		A7A946DC2C1C97AD0080F270 /* MockManagers */ = {
			isa = PBXGroup;
			children = (
				A7A946DD2C1C97BA0080F270 /* MockChildrenManager.swift */,
				A7946B062C2ACC1700176EC0 /* MockAuthManager.swift */,
			);
			path = MockManagers;
			sourceTree = "<group>";
		};
		A7A946E32C1CA20C0080F270 /* Extensions */ = {
			isa = PBXGroup;
			children = (
				A7A946E42C1CA2160080F270 /* Int.swift */,
				A7A946E62C1CA25F0080F270 /* Date.swift */,
				A7D7F8812C1CEB3F004897FC /* Font.swift */,
				A7D7F8AD2C20913E004897FC /* View.swift */,
			);
			path = Extensions;
			sourceTree = "<group>";
		};
		A7A946E82C1CB98F0080F270 /* Shapes */ = {
			isa = PBXGroup;
			children = (
				A7A946E92C1CB9970080F270 /* Triangle.swift */,
			);
			path = Shapes;
			sourceTree = "<group>";
		};
		A7D7F8962C1DCF53004897FC /* TabBar */ = {
			isa = PBXGroup;
			children = (
				A7D7F88E2C1DC248004897FC /* BottomContentView.swift */,
				A7D7F8922C1DC4EF004897FC /* BottomTabBarView.swift */,
			);
			path = TabBar;
			sourceTree = "<group>";
		};
		A7D7F8972C1DCF5E004897FC /* Map */ = {
			isa = PBXGroup;
			children = (
				A70BE60D2C443BE900176E31 /* ViewModels */,
				A70BE60C2C443BE500176E31 /* Views */,
			);
			path = Map;
			sourceTree = "<group>";
		};
		A7D7F8982C1DCF76004897FC /* BottomContent */ = {
			isa = PBXGroup;
			children = (
				A7D7F8992C1DCF89004897FC /* Status */,
				A7D7F8942C1DCEFB004897FC /* HistoryView.swift */,
			);
			path = BottomContent;
			sourceTree = "<group>";
		};
		A7D7F8992C1DCF89004897FC /* Status */ = {
			isa = PBXGroup;
			children = (
				A7A946E12C1CA00C0080F270 /* ChildStatusView.swift */,
				A7A946C42C1C8E280080F270 /* StatusView.swift */,
			);
			path = Status;
			sourceTree = "<group>";
		};
		A7D7F89A2C1DCFA6004897FC /* Components */ = {
			isa = PBXGroup;
			children = (
				A7D7F8902C1DC2A2004897FC /* ChildSelectorView.swift */,
				A7ED44512C2725D900BF8B5B /* ChildHeaderView.swift */,
			);
			path = Components;
			sourceTree = "<group>";
		};
		A7D7F89D2C1DEFE0004897FC /* Views */ = {
			isa = PBXGroup;
			children = (
				A7946B012C2AC4DE00176EC0 /* AuthenticationView.swift */,
			);
			path = Views;
			sourceTree = "<group>";
		};
		A7D7F89E2C1DEFFF004897FC /* Children */ = {
			isa = PBXGroup;
			children = (
				A7D7F89F2C1DF012004897FC /* Models */,
				A7A946D22C1C8FE70080F270 /* ChildrenManager.swift */,
			);
			path = Children;
			sourceTree = "<group>";
		};
		A7D7F89F2C1DF012004897FC /* Models */ = {
			isa = PBXGroup;
			children = (
				A7A946DF2C1C9B1B0080F270 /* ChildData.swift */,
				A7A946CA2C1C8E750080F270 /* Child.swift */,
			);
			path = Models;
			sourceTree = "<group>";
		};
		A7D7F8A02C1DF029004897FC /* Common */ = {
			isa = PBXGroup;
			children = (
				A70BE6172C44479500176E31 /* Models */,
				A70BE5D32C4314BB00176E31 /* Validation */,
				A715F30A2C1C3AEF00E5A1F3 /* Protocols */,
				A7A946E32C1CA20C0080F270 /* Extensions */,
				A715F3122C1C473400E5A1F3 /* Strings */,
			);
			path = Common;
			sourceTree = "<group>";
		};
		A7D7F8A12C1DF048004897FC /* TextFields */ = {
			isa = PBXGroup;
			children = (
				A7D7F8A22C1DF058004897FC /* AuthTextFieldView.swift */,
			);
			path = TextFields;
			sourceTree = "<group>";
		};
		A7D7F8A62C1DF769004897FC /* Buttons */ = {
			isa = PBXGroup;
			children = (
				A7D7F8A72C1DF774004897FC /* WideButtonView.swift */,
				A7ED444E2C26FD0600BF8B5B /* IconButtonView.swift */,
			);
			path = Buttons;
			sourceTree = "<group>";
		};
		A7D7F8AA2C209096004897FC /* ViewModifiers */ = {
			isa = PBXGroup;
			children = (
				A7D7F8AB2C2090AB004897FC /* CustomShadowModifier.swift */,
				A770832C2C374C8700A39508 /* ToastModifier.swift */,
			);
			path = ViewModifiers;
			sourceTree = "<group>";
		};
		A7E82C0A2C536E9E0053CADF /* Navigation */ = {
			isa = PBXGroup;
			children = (
				A7E82C0B2C536EA90053CADF /* NavigationViewModel.swift */,
			);
			path = Navigation;
			sourceTree = "<group>";
		};
		A7F510492C500A1A00575542 /* ParentOnboarding */ = {
			isa = PBXGroup;
			children = (
				A7F5104A2C500A2A00575542 /* ParentOnboardingView.swift */,
				A7F5104F2C5011A700575542 /* ParentOnboardingViewModel.swift */,
			);
			path = ParentOnboarding;
			sourceTree = "<group>";
		};
		A7F5104C2C500E1200575542 /* User */ = {
			isa = PBXGroup;
			children = (
				A7F5104D2C500E1C00575542 /* UserManager.swift */,
			);
			path = User;
			sourceTree = "<group>";
		};
		B20646C5B38DB70193AD9EA0 /* Frameworks */ = {
			isa = PBXGroup;
			children = (
				3D579FE7945D021F731B46EB /* Pods_FindMyChild.framework */,
			);
			name = Frameworks;
			sourceTree = "<group>";
		};
/* End PBXGroup section */

/* Begin PBXNativeTarget section */
		A715F2C92C19823200E5A1F3 /* FindMyChild */ = {
			isa = PBXNativeTarget;
			buildConfigurationList = A715F2D82C19823400E5A1F3 /* Build configuration list for PBXNativeTarget "FindMyChild" */;
			buildPhases = (
				0B34709BDD709D3B0E713225 /* [CP] Check Pods Manifest.lock */,
				A715F2C62C19823200E5A1F3 /* Sources */,
				A715F2C72C19823200E5A1F3 /* Frameworks */,
				A715F2C82C19823200E5A1F3 /* Resources */,
			);
			buildRules = (
			);
			dependencies = (
			);
			name = FindMyChild;
			packageProductDependencies = (
				A70BE5C82C43008800176E31 /* FirebaseAnalytics */,
				A70BE5CA2C43008800176E31 /* FirebaseAuth */,
				A70BE5CC2C43008800176E31 /* FirebaseAuthCombine-Community */,
				A70BE5CE2C43008800176E31 /* FirebaseFirestore */,
				A70BE5D02C43008800176E31 /* FirebaseFirestoreSwift */,
			);
			productName = FindMyChild;
			productReference = A715F2CA2C19823200E5A1F3 /* FindMyChild.app */;
			productType = "com.apple.product-type.application";
		};
/* End PBXNativeTarget section */

/* Begin PBXProject section */
		A715F2C22C19823200E5A1F3 /* Project object */ = {
			isa = PBXProject;
			attributes = {
				BuildIndependentTargetsInParallel = 1;
				LastSwiftUpdateCheck = 1540;
				LastUpgradeCheck = 1540;
				TargetAttributes = {
					A715F2C92C19823200E5A1F3 = {
						CreatedOnToolsVersion = 15.4;
					};
				};
			};
			buildConfigurationList = A715F2C52C19823200E5A1F3 /* Build configuration list for PBXProject "FindMyChild" */;
			compatibilityVersion = "Xcode 14.0";
			developmentRegion = en;
			hasScannedForEncodings = 0;
			knownRegions = (
				en,
				Base,
				pl,
			);
			mainGroup = A715F2C12C19823200E5A1F3;
			packageReferences = (
				A70BE5C72C43008700176E31 /* XCRemoteSwiftPackageReference "firebase-ios-sdk" */,
			);
			productRefGroup = A715F2CB2C19823200E5A1F3 /* Products */;
			projectDirPath = "";
			projectRoot = "";
			targets = (
				A715F2C92C19823200E5A1F3 /* FindMyChild */,
			);
		};
/* End PBXProject section */

/* Begin PBXResourcesBuildPhase section */
		A715F2C82C19823200E5A1F3 /* Resources */ = {
			isa = PBXResourcesBuildPhase;
			buildActionMask = 2147483647;
			files = (
				A715F2D52C19823400E5A1F3 /* Preview Assets.xcassets in Resources */,
				A70BE5C62C42FFC900176E31 /* GoogleService-Info.plist in Resources */,
				A715F2D22C19823400E5A1F3 /* Assets.xcassets in Resources */,
				A7D7F89C2C1DEF39004897FC /* Localizable.xcstrings in Resources */,
			);
			runOnlyForDeploymentPostprocessing = 0;
		};
/* End PBXResourcesBuildPhase section */

/* Begin PBXShellScriptBuildPhase section */
		0B34709BDD709D3B0E713225 /* [CP] Check Pods Manifest.lock */ = {
			isa = PBXShellScriptBuildPhase;
			buildActionMask = 2147483647;
			files = (
			);
			inputFileListPaths = (
			);
			inputPaths = (
				"${PODS_PODFILE_DIR_PATH}/Podfile.lock",
				"${PODS_ROOT}/Manifest.lock",
			);
			name = "[CP] Check Pods Manifest.lock";
			outputFileListPaths = (
			);
			outputPaths = (
				"$(DERIVED_FILE_DIR)/Pods-FindMyChild-checkManifestLockResult.txt",
			);
			runOnlyForDeploymentPostprocessing = 0;
			shellPath = /bin/sh;
			shellScript = "diff \"${PODS_PODFILE_DIR_PATH}/Podfile.lock\" \"${PODS_ROOT}/Manifest.lock\" > /dev/null\nif [ $? != 0 ] ; then\n    # print error to STDERR\n    echo \"error: The sandbox is not in sync with the Podfile.lock. Run 'pod install' or update your CocoaPods installation.\" >&2\n    exit 1\nfi\n# This output is used by Xcode 'outputs' to avoid re-running this script phase.\necho \"SUCCESS\" > \"${SCRIPT_OUTPUT_FILE_0}\"\n";
			showEnvVarsInLog = 0;
		};
/* End PBXShellScriptBuildPhase section */

/* Begin PBXSourcesBuildPhase section */
		A715F2C62C19823200E5A1F3 /* Sources */ = {
			isa = PBXSourcesBuildPhase;
			buildActionMask = 2147483647;
			files = (
				A7D7F8A32C1DF058004897FC /* AuthTextFieldView.swift in Sources */,
				A70BE5D92C43222500176E31 /* SignInValidationError.swift in Sources */,
				A7A946DE2C1C97BA0080F270 /* MockChildrenManager.swift in Sources */,
				A7313A4A2C4C424600F9DCB5 /* SettingsChildrenListAddButtonView.swift in Sources */,
				A7A946E52C1CA2160080F270 /* Int.swift in Sources */,
				A7D7F8822C1CEB3F004897FC /* Font.swift in Sources */,
				A7A946D02C1C8FB90080F270 /* HomeViewModel.swift in Sources */,
				A70BE60A2C4438BB00176E31 /* MapHeaderView.swift in Sources */,
				A7313A4C2C4C44C100F9DCB5 /* SettingsNoChildrenMessageView.swift in Sources */,
				A70BE6232C4558EC00176E31 /* FirebaseService+User.swift in Sources */,
				A7D7F8AE2C20913E004897FC /* View.swift in Sources */,
				A715F3052C1AFE1D00E5A1F3 /* SignUpViewModel.swift in Sources */,
				A770832F2C374CB000A39508 /* Toast.swift in Sources */,
				A7D7F8952C1DCEFB004897FC /* HistoryView.swift in Sources */,
				A70BE5EA2C43D3C700176E31 /* MockData+Auth.swift in Sources */,
				A7A946D82C1C92590080F270 /* MockData+Children.swift in Sources */,
				A7ED44522C2725D900BF8B5B /* ChildHeaderView.swift in Sources */,
				A70BE6132C44423B00176E31 /* ProfileViewModel.swift in Sources */,
				A70BE5D52C4314CE00176E31 /* ValidationManager.swift in Sources */,
				A715F2E02C1984D700E5A1F3 /* ChildMapPinView.swift in Sources */,
				A715F2F22C1AF28A00E5A1F3 /* AuthManager.swift in Sources */,
				A70BE6042C44295100176E31 /* HomeTemplateView.swift in Sources */,
				A715F2D02C19823200E5A1F3 /* HomeView.swift in Sources */,
				A7E82C0C2C536EA90053CADF /* NavigationViewModel.swift in Sources */,
				A70BE6192C44479C00176E31 /* User.swift in Sources */,
				A7D7F8B02C209FA5004897FC /* SignInTextParams.swift in Sources */,
				A70BE6022C44291C00176E31 /* ProfileView.swift in Sources */,
				A7313A3F2C4C390D00F9DCB5 /* SectionHeaderView.swift in Sources */,
				A70BE5EC2C43D9E900176E31 /* AuthError.swift in Sources */,
				A7ED444F2C26FD0600BF8B5B /* IconButtonView.swift in Sources */,
				A715F2FC2C1AF4D800E5A1F3 /* SignInViewModel.swift in Sources */,
				A70BE5E42C43D07900176E31 /* SignUpError.swift in Sources */,
				A7A946E22C1CA00C0080F270 /* ChildStatusView.swift in Sources */,
				A7946B052C2AC88400176EC0 /* UserTypeButtonView.swift in Sources */,
				A70BE5E22C43CE0A00176E31 /* SignInError.swift in Sources */,
				A70BE5E02C43CDD000176E31 /* Results.swift in Sources */,
				A7D7F8A52C1DF30F004897FC /* SignUpTextParams.swift in Sources */,
				A70BE5F22C43E5D200176E31 /* AuthManager+Validation.swift in Sources */,
				A74061682C48EEC300266C20 /* SettingsListRowView.swift in Sources */,
				A70BE5FD2C4428FA00176E31 /* SettingsView.swift in Sources */,
				A715F2EE2C1AF25700E5A1F3 /* RootView.swift in Sources */,
				A7A946CB2C1C8E750080F270 /* Child.swift in Sources */,
				A7F5104B2C500A2A00575542 /* ParentOnboardingView.swift in Sources */,
				A715F2E22C19863100E5A1F3 /* MapViewModel.swift in Sources */,
				A715F2DC2C19838100E5A1F3 /* MapViewRepresentable.swift in Sources */,
				A7A946C52C1C8E280080F270 /* StatusView.swift in Sources */,
				A7D7F8912C1DC2A2004897FC /* ChildSelectorView.swift in Sources */,
				A70BE5F42C43E60300176E31 /* AuthManager+Errors.swift in Sources */,
				A70BE6082C44329E00176E31 /* HomeHeaderTemplateView.swift in Sources */,
				A7A946E02C1C9B1B0080F270 /* ChildData.swift in Sources */,
				A70BE60F2C443C0F00176E31 /* ProfileHeaderView.swift in Sources */,
				A70BE6162C44453600176E31 /* FirebaseService.swift in Sources */,
				A7A946EA2C1CB9970080F270 /* Triangle.swift in Sources */,
				A7E82C0E2C5374620053CADF /* AuthFormTitleView.swift in Sources */,
				A7313A482C4C3E3000F9DCB5 /* SettingsChildrenListItemView.swift in Sources */,
				A7F5104E2C500E1C00575542 /* UserManager.swift in Sources */,
				A7F510502C5011A700575542 /* ParentOnboardingViewModel.swift in Sources */,
				A770832D2C374C8700A39508 /* ToastModifier.swift in Sources */,
				A70BE5DE2C43261900176E31 /* AuthErrorProtocol.swift in Sources */,
				A7D7F8AC2C2090AB004897FC /* CustomShadowModifier.swift in Sources */,
				A70BE5E62C43D11500176E31 /* AuthUser.swift in Sources */,
				A7A946C82C1C8E650080F270 /* ChildChipView.swift in Sources */,
				A7A946D32C1C8FE70080F270 /* ChildrenManager.swift in Sources */,
				A7946B132C2AF9B100176EC0 /* ToastView.swift in Sources */,
				A7946B102C2AEF4D00176EC0 /* UserType.swift in Sources */,
				A74061662C48056900266C20 /* CircleProfileImageView.swift in Sources */,
				A70BE6112C443C2700176E31 /* SettingsHeaderView.swift in Sources */,
				A7946B0A2C2ACDDD00176EC0 /* AuthViewModel.swift in Sources */,
				A715F2CE2C19823200E5A1F3 /* FindMyChildApp.swift in Sources */,
				A7A946D62C1C924B0080F270 /* MockData.swift in Sources */,
				A7D7F88F2C1DC248004897FC /* BottomContentView.swift in Sources */,
				A740616A2C48EF4200266C20 /* SettingsListView.swift in Sources */,
				A70BE5DC2C4323D300176E31 /* AuthValidationError.swift in Sources */,
				A7D7F8932C1DC4EF004897FC /* BottomTabBarView.swift in Sources */,
				A7946B072C2ACC1700176EC0 /* MockAuthManager.swift in Sources */,
				A7313A422C4C396200F9DCB5 /* SettingsChildrenListView.swift in Sources */,
				A70BE5D72C4315D800176E31 /* SignUpValidationError.swift in Sources */,
				A7946B022C2AC4DE00176EC0 /* AuthenticationView.swift in Sources */,
				A7A946E72C1CA25F0080F270 /* Date.swift in Sources */,
				A7D7F8A82C1DF774004897FC /* WideButtonView.swift in Sources */,
			);
			runOnlyForDeploymentPostprocessing = 0;
		};
/* End PBXSourcesBuildPhase section */

/* Begin XCBuildConfiguration section */
		A715F2D62C19823400E5A1F3 /* Debug */ = {
			isa = XCBuildConfiguration;
			buildSettings = {
				ALWAYS_SEARCH_USER_PATHS = NO;
				ASSETCATALOG_COMPILER_GENERATE_SWIFT_ASSET_SYMBOL_EXTENSIONS = YES;
				CLANG_ANALYZER_NONNULL = YES;
				CLANG_ANALYZER_NUMBER_OBJECT_CONVERSION = YES_AGGRESSIVE;
				CLANG_CXX_LANGUAGE_STANDARD = "gnu++20";
				CLANG_ENABLE_MODULES = YES;
				CLANG_ENABLE_OBJC_ARC = YES;
				CLANG_ENABLE_OBJC_WEAK = YES;
				CLANG_WARN_BLOCK_CAPTURE_AUTORELEASING = YES;
				CLANG_WARN_BOOL_CONVERSION = YES;
				CLANG_WARN_COMMA = YES;
				CLANG_WARN_CONSTANT_CONVERSION = YES;
				CLANG_WARN_DEPRECATED_OBJC_IMPLEMENTATIONS = YES;
				CLANG_WARN_DIRECT_OBJC_ISA_USAGE = YES_ERROR;
				CLANG_WARN_DOCUMENTATION_COMMENTS = YES;
				CLANG_WARN_EMPTY_BODY = YES;
				CLANG_WARN_ENUM_CONVERSION = YES;
				CLANG_WARN_INFINITE_RECURSION = YES;
				CLANG_WARN_INT_CONVERSION = YES;
				CLANG_WARN_NON_LITERAL_NULL_CONVERSION = YES;
				CLANG_WARN_OBJC_IMPLICIT_RETAIN_SELF = YES;
				CLANG_WARN_OBJC_LITERAL_CONVERSION = YES;
				CLANG_WARN_OBJC_ROOT_CLASS = YES_ERROR;
				CLANG_WARN_QUOTED_INCLUDE_IN_FRAMEWORK_HEADER = YES;
				CLANG_WARN_RANGE_LOOP_ANALYSIS = YES;
				CLANG_WARN_STRICT_PROTOTYPES = YES;
				CLANG_WARN_SUSPICIOUS_MOVE = YES;
				CLANG_WARN_UNGUARDED_AVAILABILITY = YES_AGGRESSIVE;
				CLANG_WARN_UNREACHABLE_CODE = YES;
				CLANG_WARN__DUPLICATE_METHOD_MATCH = YES;
				COPY_PHASE_STRIP = NO;
				DEBUG_INFORMATION_FORMAT = dwarf;
				ENABLE_STRICT_OBJC_MSGSEND = YES;
				ENABLE_TESTABILITY = YES;
				ENABLE_USER_SCRIPT_SANDBOXING = YES;
				GCC_C_LANGUAGE_STANDARD = gnu17;
				GCC_DYNAMIC_NO_PIC = NO;
				GCC_NO_COMMON_BLOCKS = YES;
				GCC_OPTIMIZATION_LEVEL = 0;
				GCC_PREPROCESSOR_DEFINITIONS = (
					"DEBUG=1",
					"$(inherited)",
				);
				GCC_WARN_64_TO_32_BIT_CONVERSION = YES;
				GCC_WARN_ABOUT_RETURN_TYPE = YES_ERROR;
				GCC_WARN_UNDECLARED_SELECTOR = YES;
				GCC_WARN_UNINITIALIZED_AUTOS = YES_AGGRESSIVE;
				GCC_WARN_UNUSED_FUNCTION = YES;
				GCC_WARN_UNUSED_VARIABLE = YES;
				IPHONEOS_DEPLOYMENT_TARGET = 17.5;
				LOCALIZATION_PREFERS_STRING_CATALOGS = YES;
				MTL_ENABLE_DEBUG_INFO = INCLUDE_SOURCE;
				MTL_FAST_MATH = YES;
				ONLY_ACTIVE_ARCH = YES;
				SDKROOT = iphoneos;
				SWIFT_ACTIVE_COMPILATION_CONDITIONS = "DEBUG $(inherited)";
				SWIFT_OPTIMIZATION_LEVEL = "-Onone";
			};
			name = Debug;
		};
		A715F2D72C19823400E5A1F3 /* Release */ = {
			isa = XCBuildConfiguration;
			buildSettings = {
				ALWAYS_SEARCH_USER_PATHS = NO;
				ASSETCATALOG_COMPILER_GENERATE_SWIFT_ASSET_SYMBOL_EXTENSIONS = YES;
				CLANG_ANALYZER_NONNULL = YES;
				CLANG_ANALYZER_NUMBER_OBJECT_CONVERSION = YES_AGGRESSIVE;
				CLANG_CXX_LANGUAGE_STANDARD = "gnu++20";
				CLANG_ENABLE_MODULES = YES;
				CLANG_ENABLE_OBJC_ARC = YES;
				CLANG_ENABLE_OBJC_WEAK = YES;
				CLANG_WARN_BLOCK_CAPTURE_AUTORELEASING = YES;
				CLANG_WARN_BOOL_CONVERSION = YES;
				CLANG_WARN_COMMA = YES;
				CLANG_WARN_CONSTANT_CONVERSION = YES;
				CLANG_WARN_DEPRECATED_OBJC_IMPLEMENTATIONS = YES;
				CLANG_WARN_DIRECT_OBJC_ISA_USAGE = YES_ERROR;
				CLANG_WARN_DOCUMENTATION_COMMENTS = YES;
				CLANG_WARN_EMPTY_BODY = YES;
				CLANG_WARN_ENUM_CONVERSION = YES;
				CLANG_WARN_INFINITE_RECURSION = YES;
				CLANG_WARN_INT_CONVERSION = YES;
				CLANG_WARN_NON_LITERAL_NULL_CONVERSION = YES;
				CLANG_WARN_OBJC_IMPLICIT_RETAIN_SELF = YES;
				CLANG_WARN_OBJC_LITERAL_CONVERSION = YES;
				CLANG_WARN_OBJC_ROOT_CLASS = YES_ERROR;
				CLANG_WARN_QUOTED_INCLUDE_IN_FRAMEWORK_HEADER = YES;
				CLANG_WARN_RANGE_LOOP_ANALYSIS = YES;
				CLANG_WARN_STRICT_PROTOTYPES = YES;
				CLANG_WARN_SUSPICIOUS_MOVE = YES;
				CLANG_WARN_UNGUARDED_AVAILABILITY = YES_AGGRESSIVE;
				CLANG_WARN_UNREACHABLE_CODE = YES;
				CLANG_WARN__DUPLICATE_METHOD_MATCH = YES;
				COPY_PHASE_STRIP = NO;
				DEBUG_INFORMATION_FORMAT = "dwarf-with-dsym";
				ENABLE_NS_ASSERTIONS = NO;
				ENABLE_STRICT_OBJC_MSGSEND = YES;
				ENABLE_USER_SCRIPT_SANDBOXING = YES;
				GCC_C_LANGUAGE_STANDARD = gnu17;
				GCC_NO_COMMON_BLOCKS = YES;
				GCC_WARN_64_TO_32_BIT_CONVERSION = YES;
				GCC_WARN_ABOUT_RETURN_TYPE = YES_ERROR;
				GCC_WARN_UNDECLARED_SELECTOR = YES;
				GCC_WARN_UNINITIALIZED_AUTOS = YES_AGGRESSIVE;
				GCC_WARN_UNUSED_FUNCTION = YES;
				GCC_WARN_UNUSED_VARIABLE = YES;
				IPHONEOS_DEPLOYMENT_TARGET = 17.5;
				LOCALIZATION_PREFERS_STRING_CATALOGS = YES;
				MTL_ENABLE_DEBUG_INFO = NO;
				MTL_FAST_MATH = YES;
				SDKROOT = iphoneos;
				SWIFT_COMPILATION_MODE = wholemodule;
				VALIDATE_PRODUCT = YES;
			};
			name = Release;
		};
		A715F2D92C19823400E5A1F3 /* Debug */ = {
			isa = XCBuildConfiguration;
			baseConfigurationReference = 7177E7295AF56D7B5DFFD9DB /* Pods-FindMyChild.debug.xcconfig */;
			buildSettings = {
				ASSETCATALOG_COMPILER_APPICON_NAME = AppIcon;
				ASSETCATALOG_COMPILER_GLOBAL_ACCENT_COLOR_NAME = AccentColor;
				CODE_SIGN_STYLE = Automatic;
				CURRENT_PROJECT_VERSION = 1;
				DEVELOPMENT_ASSET_PATHS = "\"FindMyChild/Preview Content\"";
				DEVELOPMENT_TEAM = 266NSZ8WGS;
				ENABLE_PREVIEWS = YES;
				GENERATE_INFOPLIST_FILE = YES;
				INFOPLIST_FILE = FindMyChild/Info.plist;
				INFOPLIST_KEY_UIApplicationSceneManifest_Generation = YES;
				INFOPLIST_KEY_UIApplicationSupportsIndirectInputEvents = YES;
				INFOPLIST_KEY_UILaunchScreen_Generation = YES;
				INFOPLIST_KEY_UISupportedInterfaceOrientations_iPad = "UIInterfaceOrientationPortrait UIInterfaceOrientationPortraitUpsideDown UIInterfaceOrientationLandscapeLeft UIInterfaceOrientationLandscapeRight";
				INFOPLIST_KEY_UISupportedInterfaceOrientations_iPhone = "UIInterfaceOrientationPortrait UIInterfaceOrientationLandscapeLeft UIInterfaceOrientationLandscapeRight";
				LD_RUNPATH_SEARCH_PATHS = (
					"$(inherited)",
					"@executable_path/Frameworks",
				);
				MARKETING_VERSION = 1.0;
				PRODUCT_BUNDLE_IDENTIFIER = kmekarski.FindMyChild;
				PRODUCT_NAME = "$(TARGET_NAME)";
				SWIFT_EMIT_LOC_STRINGS = YES;
				SWIFT_VERSION = 5.0;
				TARGETED_DEVICE_FAMILY = "1,2";
			};
			name = Debug;
		};
		A715F2DA2C19823400E5A1F3 /* Release */ = {
			isa = XCBuildConfiguration;
			baseConfigurationReference = 8877CDAC315CCFA88AA1D0AA /* Pods-FindMyChild.release.xcconfig */;
			buildSettings = {
				ASSETCATALOG_COMPILER_APPICON_NAME = AppIcon;
				ASSETCATALOG_COMPILER_GLOBAL_ACCENT_COLOR_NAME = AccentColor;
				CODE_SIGN_STYLE = Automatic;
				CURRENT_PROJECT_VERSION = 1;
				DEVELOPMENT_ASSET_PATHS = "\"FindMyChild/Preview Content\"";
				DEVELOPMENT_TEAM = 266NSZ8WGS;
				ENABLE_PREVIEWS = YES;
				GENERATE_INFOPLIST_FILE = YES;
				INFOPLIST_FILE = FindMyChild/Info.plist;
				INFOPLIST_KEY_UIApplicationSceneManifest_Generation = YES;
				INFOPLIST_KEY_UIApplicationSupportsIndirectInputEvents = YES;
				INFOPLIST_KEY_UILaunchScreen_Generation = YES;
				INFOPLIST_KEY_UISupportedInterfaceOrientations_iPad = "UIInterfaceOrientationPortrait UIInterfaceOrientationPortraitUpsideDown UIInterfaceOrientationLandscapeLeft UIInterfaceOrientationLandscapeRight";
				INFOPLIST_KEY_UISupportedInterfaceOrientations_iPhone = "UIInterfaceOrientationPortrait UIInterfaceOrientationLandscapeLeft UIInterfaceOrientationLandscapeRight";
				LD_RUNPATH_SEARCH_PATHS = (
					"$(inherited)",
					"@executable_path/Frameworks",
				);
				MARKETING_VERSION = 1.0;
				PRODUCT_BUNDLE_IDENTIFIER = kmekarski.FindMyChild;
				PRODUCT_NAME = "$(TARGET_NAME)";
				SWIFT_EMIT_LOC_STRINGS = YES;
				SWIFT_VERSION = 5.0;
				TARGETED_DEVICE_FAMILY = "1,2";
			};
			name = Release;
		};
/* End XCBuildConfiguration section */

/* Begin XCConfigurationList section */
		A715F2C52C19823200E5A1F3 /* Build configuration list for PBXProject "FindMyChild" */ = {
			isa = XCConfigurationList;
			buildConfigurations = (
				A715F2D62C19823400E5A1F3 /* Debug */,
				A715F2D72C19823400E5A1F3 /* Release */,
			);
			defaultConfigurationIsVisible = 0;
			defaultConfigurationName = Release;
		};
		A715F2D82C19823400E5A1F3 /* Build configuration list for PBXNativeTarget "FindMyChild" */ = {
			isa = XCConfigurationList;
			buildConfigurations = (
				A715F2D92C19823400E5A1F3 /* Debug */,
				A715F2DA2C19823400E5A1F3 /* Release */,
			);
			defaultConfigurationIsVisible = 0;
			defaultConfigurationName = Release;
		};
/* End XCConfigurationList section */

/* Begin XCRemoteSwiftPackageReference section */
		A70BE5C72C43008700176E31 /* XCRemoteSwiftPackageReference "firebase-ios-sdk" */ = {
			isa = XCRemoteSwiftPackageReference;
			repositoryURL = "https://github.com/firebase/firebase-ios-sdk";
			requirement = {
				kind = upToNextMajorVersion;
				minimumVersion = 10.29.0;
			};
		};
/* End XCRemoteSwiftPackageReference section */

/* Begin XCSwiftPackageProductDependency section */
		A70BE5C82C43008800176E31 /* FirebaseAnalytics */ = {
			isa = XCSwiftPackageProductDependency;
			package = A70BE5C72C43008700176E31 /* XCRemoteSwiftPackageReference "firebase-ios-sdk" */;
			productName = FirebaseAnalytics;
		};
		A70BE5CA2C43008800176E31 /* FirebaseAuth */ = {
			isa = XCSwiftPackageProductDependency;
			package = A70BE5C72C43008700176E31 /* XCRemoteSwiftPackageReference "firebase-ios-sdk" */;
			productName = FirebaseAuth;
		};
		A70BE5CC2C43008800176E31 /* FirebaseAuthCombine-Community */ = {
			isa = XCSwiftPackageProductDependency;
			package = A70BE5C72C43008700176E31 /* XCRemoteSwiftPackageReference "firebase-ios-sdk" */;
			productName = "FirebaseAuthCombine-Community";
		};
		A70BE5CE2C43008800176E31 /* FirebaseFirestore */ = {
			isa = XCSwiftPackageProductDependency;
			package = A70BE5C72C43008700176E31 /* XCRemoteSwiftPackageReference "firebase-ios-sdk" */;
			productName = FirebaseFirestore;
		};
		A70BE5D02C43008800176E31 /* FirebaseFirestoreSwift */ = {
			isa = XCSwiftPackageProductDependency;
			package = A70BE5C72C43008700176E31 /* XCRemoteSwiftPackageReference "firebase-ios-sdk" */;
			productName = FirebaseFirestoreSwift;
		};
/* End XCSwiftPackageProductDependency section */
	};
	rootObject = A715F2C22C19823200E5A1F3 /* Project object */;
}
